
Microsoft Visual Studio Solution File, Format Version 12.00
# Visual Studio 14
VisualStudioVersion = 14.0.25420.1
MinimumVisualStudioVersion = 10.0.40219.1
Project("{FAE04EC0-301F-11D3-BF4B-00C04F79EFBC}") = "AllyPingSpammer", "AllyPingSpammer\AllyPingSpammer.csproj", "{F6D4EA66-0E8F-4D9C-920A-E1D099551F20}"
EndProject
Project("{FAE04EC0-301F-11D3-BF4B-00C04F79EFBC}") = "SparkTech.SDK", "ClassLibrary1\SparkTech.SDK.csproj", "{74E56F31-8540-44A0-A920-BD38BB86E674}"
EndProject
Global
	GlobalSection(SolutionConfigurationPlatforms) = preSolution
		Debug|Any CPU = Debug|Any CPU
		Release|Any CPU = Release|Any CPU
	EndGlobalSection
	GlobalSection(ProjectConfigurationPlatforms) = postSolution
		{F6D4EA66-0E8F-4D9C-920A-E1D099551F20}.Debug|Any CPU.ActiveCfg = Debug|Any CPU
		{F6D4EA66-0E8F-4D9C-920A-E1D099551F20}.Debug|Any CPU.Build.0 = Debug|Any CPU
		{F6D4EA66-0E8F-4D9C-920A-E1D099551F20}.Release|Any CPU.ActiveCfg = Release|x86
		{F6D4EA66-0E8F-4D9C-920A-E1D099551F20}.Release|Any CPU.Build.0 = Release|x86
		{74E56F31-8540-44A0-A920-BD38BB86E674}.Debug|Any CPU.ActiveCfg = Debug|Any CPU
		{74E56F31-8540-44A0-A920-BD38BB86E674}.Debug|Any CPU.Build.0 = Debug|Any CPU
		{74E56F31-8540-44A0-A920-BD38BB86E674}.Release|Any CPU.ActiveCfg = Release|Any CPU
		{74E56F31-8540-44A0-A920-BD38BB86E674}.Release|Any CPU.Build.0 = Release|Any CPU
	EndGlobalSection
	GlobalSection(SolutionProperties) = preSolution
		HideSolutionNode = FALSE
	EndGlobalSection
EndGlobal
