
Microsoft Visual Studio Solution File, Format Version 12.00
# Visual Studio 15
VisualStudioVersion = 15.0.26206.0
MinimumVisualStudioVersion = 10.0.40219.1
Project("{FAE04EC0-301F-11D3-BF4B-00C04F79EFBC}") = "AllyPingSpammer", "AllyPingSpammer\AllyPingSpammer.csproj", "{F6D4EA66-0E8F-4D9C-920A-E1D099551F20}"
EndProject
Project("{FAE04EC0-301F-11D3-BF4B-00C04F79EFBC}") = "SparkTech.SDK", "SparkTech.SDK\SparkTech.SDK.csproj", "{0C2738A8-8265-4C5B-BBE9-554A7A42F4D0}"
EndProject
Project("{FAE04EC0-301F-11D3-BF4B-00C04F79EFBC}") = "Bootstrap", "Bootstrap\Bootstrap.csproj", "{FEDA24DA-0416-4862-81A5-FB5DF2E15B64}"
EndProject
Global
	GlobalSection(SolutionConfigurationPlatforms) = preSolution
		Debug|Any CPU = Debug|Any CPU
		Debug|x86 = Debug|x86
		Release|Any CPU = Release|Any CPU
		Release|x86 = Release|x86
	EndGlobalSection
	GlobalSection(ProjectConfigurationPlatforms) = postSolution
		{F6D4EA66-0E8F-4D9C-920A-E1D099551F20}.Debug|Any CPU.ActiveCfg = Debug|Any CPU
		{F6D4EA66-0E8F-4D9C-920A-E1D099551F20}.Debug|Any CPU.Build.0 = Debug|Any CPU
		{F6D4EA66-0E8F-4D9C-920A-E1D099551F20}.Debug|x86.ActiveCfg = Debug|x86
		{F6D4EA66-0E8F-4D9C-920A-E1D099551F20}.Debug|x86.Build.0 = Debug|x86
		{F6D4EA66-0E8F-4D9C-920A-E1D099551F20}.Release|Any CPU.ActiveCfg = Release|x86
		{F6D4EA66-0E8F-4D9C-920A-E1D099551F20}.Release|Any CPU.Build.0 = Release|x86
		{F6D4EA66-0E8F-4D9C-920A-E1D099551F20}.Release|x86.ActiveCfg = Release|x86
		{F6D4EA66-0E8F-4D9C-920A-E1D099551F20}.Release|x86.Build.0 = Release|x86
		{0C2738A8-8265-4C5B-BBE9-554A7A42F4D0}.Debug|Any CPU.ActiveCfg = Debug|Any CPU
		{0C2738A8-8265-4C5B-BBE9-554A7A42F4D0}.Debug|Any CPU.Build.0 = Debug|Any CPU
		{0C2738A8-8265-4C5B-BBE9-554A7A42F4D0}.Debug|x86.ActiveCfg = Debug|x86
		{0C2738A8-8265-4C5B-BBE9-554A7A42F4D0}.Debug|x86.Build.0 = Debug|x86
		{0C2738A8-8265-4C5B-BBE9-554A7A42F4D0}.Release|Any CPU.ActiveCfg = Release|Any CPU
		{0C2738A8-8265-4C5B-BBE9-554A7A42F4D0}.Release|Any CPU.Build.0 = Release|Any CPU
		{0C2738A8-8265-4C5B-BBE9-554A7A42F4D0}.Release|x86.ActiveCfg = Release|x86
		{0C2738A8-8265-4C5B-BBE9-554A7A42F4D0}.Release|x86.Build.0 = Release|x86
		{FEDA24DA-0416-4862-81A5-FB5DF2E15B64}.Debug|Any CPU.ActiveCfg = Debug|Any CPU
		{FEDA24DA-0416-4862-81A5-FB5DF2E15B64}.Debug|Any CPU.Build.0 = Debug|Any CPU
		{FEDA24DA-0416-4862-81A5-FB5DF2E15B64}.Debug|x86.ActiveCfg = Debug|Any CPU
		{FEDA24DA-0416-4862-81A5-FB5DF2E15B64}.Debug|x86.Build.0 = Debug|Any CPU
		{FEDA24DA-0416-4862-81A5-FB5DF2E15B64}.Release|Any CPU.ActiveCfg = Release|Any CPU
		{FEDA24DA-0416-4862-81A5-FB5DF2E15B64}.Release|Any CPU.Build.0 = Release|Any CPU
		{FEDA24DA-0416-4862-81A5-FB5DF2E15B64}.Release|x86.ActiveCfg = Release|Any CPU
		{FEDA24DA-0416-4862-81A5-FB5DF2E15B64}.Release|x86.Build.0 = Release|Any CPU
	EndGlobalSection
	GlobalSection(SolutionProperties) = preSolution
		HideSolutionNode = FALSE
	EndGlobalSection
EndGlobal
