
Microsoft Visual Studio Solution File, Format Version 12.00
# Visual Studio 14
VisualStudioVersion = 14.0.25420.1
MinimumVisualStudioVersion = 10.0.40219.1
Project("{FAE04EC0-301F-11D3-BF4B-00C04F79EFBC}") = "SparkTech.SDK", "SparkTech.SDK\SparkTech.SDK.csproj", "{0C2738A8-8265-4C5B-BBE9-554A7A42F4D0}"
EndProject
Project("{FAE04EC0-301F-11D3-BF4B-00C04F79EFBC}") = "AllyPingSpammer", "AllyPingSpammer\AllyPingSpammer.csproj", "{F6D4EA66-0E8F-4D9C-920A-E1D099551F20}"
	ProjectSection(ProjectDependencies) = postProject
		{0C2738A8-8265-4C5B-BBE9-554A7A42F4D0} = {0C2738A8-8265-4C5B-BBE9-554A7A42F4D0}
	EndProjectSection
EndProject
Project("{FAE04EC0-301F-11D3-BF4B-00C04F79EFBC}") = "Testing", "Testing\Testing.csproj", "{9CB90809-C63B-4636-BBB1-8F7631204B06}"
	ProjectSection(ProjectDependencies) = postProject
		{0C2738A8-8265-4C5B-BBE9-554A7A42F4D0} = {0C2738A8-8265-4C5B-BBE9-554A7A42F4D0}
	EndProjectSection
EndProject
Global
	GlobalSection(SolutionConfigurationPlatforms) = preSolution
		Debug|Any CPU = Debug|Any CPU
		Release|Any CPU = Release|Any CPU
	EndGlobalSection
	GlobalSection(ProjectConfigurationPlatforms) = postSolution
		{0C2738A8-8265-4C5B-BBE9-554A7A42F4D0}.Debug|Any CPU.ActiveCfg = Debug|Any CPU
		{0C2738A8-8265-4C5B-BBE9-554A7A42F4D0}.Debug|Any CPU.Build.0 = Debug|Any CPU
		{0C2738A8-8265-4C5B-BBE9-554A7A42F4D0}.Release|Any CPU.ActiveCfg = Release|x86
		{F6D4EA66-0E8F-4D9C-920A-E1D099551F20}.Debug|Any CPU.ActiveCfg = Debug|Any CPU
		{F6D4EA66-0E8F-4D9C-920A-E1D099551F20}.Debug|Any CPU.Build.0 = Debug|Any CPU
		{F6D4EA66-0E8F-4D9C-920A-E1D099551F20}.Release|Any CPU.ActiveCfg = Release|x86
		{9CB90809-C63B-4636-BBB1-8F7631204B06}.Debug|Any CPU.ActiveCfg = Debug|Any CPU
		{9CB90809-C63B-4636-BBB1-8F7631204B06}.Debug|Any CPU.Build.0 = Debug|Any CPU
		{9CB90809-C63B-4636-BBB1-8F7631204B06}.Release|Any CPU.ActiveCfg = Release|x86
	EndGlobalSection
	GlobalSection(SolutionProperties) = preSolution
		HideSolutionNode = FALSE
	EndGlobalSection
EndGlobal
